// !$*UTF8*$!
{
	archiveVersion = 1;
	classes = {
	};
	objectVersion = 56;
	objects = {

/* Begin PBXBuildFile section */
		FB8C63822A1604800038044E /* CryptoCurrMVVMApp.swift in Sources */ = {isa = PBXBuildFile; fileRef = FB8C63812A1604800038044E /* CryptoCurrMVVMApp.swift */; };
		FB8C63842A1604800038044E /* ContentView.swift in Sources */ = {isa = PBXBuildFile; fileRef = FB8C63832A1604800038044E /* ContentView.swift */; };
		FB8C63862A1604810038044E /* Assets.xcassets in Resources */ = {isa = PBXBuildFile; fileRef = FB8C63852A1604810038044E /* Assets.xcassets */; };
		FB8C63892A1604810038044E /* Preview Assets.xcassets in Resources */ = {isa = PBXBuildFile; fileRef = FB8C63882A1604810038044E /* Preview Assets.xcassets */; };
		FB8C63932A1604810038044E /* CryptoCurrMVVMTests.swift in Sources */ = {isa = PBXBuildFile; fileRef = FB8C63922A1604810038044E /* CryptoCurrMVVMTests.swift */; };
		FB8C639D2A1604810038044E /* CryptoCurrMVVMUITests.swift in Sources */ = {isa = PBXBuildFile; fileRef = FB8C639C2A1604810038044E /* CryptoCurrMVVMUITests.swift */; };
		FB8C639F2A1604810038044E /* CryptoCurrMVVMUITestsLaunchTests.swift in Sources */ = {isa = PBXBuildFile; fileRef = FB8C639E2A1604810038044E /* CryptoCurrMVVMUITestsLaunchTests.swift */; };
		FB8C63AC2A1604CB0038044E /* Crypto-Model.swift in Sources */ = {isa = PBXBuildFile; fileRef = FB8C63AB2A1604CB0038044E /* Crypto-Model.swift */; };
		FB8C63AF2A1609990038044E /* CryptoAPI-Manager.swift in Sources */ = {isa = PBXBuildFile; fileRef = FB8C63AE2A1609990038044E /* CryptoAPI-Manager.swift */; };
		FB8C63B22A1676090038044E /* Content-ViewModel.swift in Sources */ = {isa = PBXBuildFile; fileRef = FB8C63B12A1676090038044E /* Content-ViewModel.swift */; };
/* End PBXBuildFile section */

/* Begin PBXContainerItemProxy section */
		FB8C638F2A1604810038044E /* PBXContainerItemProxy */ = {
			isa = PBXContainerItemProxy;
			containerPortal = FB8C63762A1604800038044E /* Project object */;
			proxyType = 1;
			remoteGlobalIDString = FB8C637D2A1604800038044E;
			remoteInfo = CryptoCurrMVVM;
		};
		FB8C63992A1604810038044E /* PBXContainerItemProxy */ = {
			isa = PBXContainerItemProxy;
			containerPortal = FB8C63762A1604800038044E /* Project object */;
			proxyType = 1;
			remoteGlobalIDString = FB8C637D2A1604800038044E;
			remoteInfo = CryptoCurrMVVM;
		};
/* End PBXContainerItemProxy section */

/* Begin PBXFileReference section */
		FB8C637E2A1604800038044E /* CryptoCurrMVVM.app */ = {isa = PBXFileReference; explicitFileType = wrapper.application; includeInIndex = 0; path = CryptoCurrMVVM.app; sourceTree = BUILT_PRODUCTS_DIR; };
		FB8C63812A1604800038044E /* CryptoCurrMVVMApp.swift */ = {isa = PBXFileReference; lastKnownFileType = sourcecode.swift; path = CryptoCurrMVVMApp.swift; sourceTree = "<group>"; };
		FB8C63832A1604800038044E /* ContentView.swift */ = {isa = PBXFileReference; lastKnownFileType = sourcecode.swift; path = ContentView.swift; sourceTree = "<group>"; };
		FB8C63852A1604810038044E /* Assets.xcassets */ = {isa = PBXFileReference; lastKnownFileType = folder.assetcatalog; path = Assets.xcassets; sourceTree = "<group>"; };
		FB8C63882A1604810038044E /* Preview Assets.xcassets */ = {isa = PBXFileReference; lastKnownFileType = folder.assetcatalog; path = "Preview Assets.xcassets"; sourceTree = "<group>"; };
		FB8C638E2A1604810038044E /* CryptoCurrMVVMTests.xctest */ = {isa = PBXFileReference; explicitFileType = wrapper.cfbundle; includeInIndex = 0; path = CryptoCurrMVVMTests.xctest; sourceTree = BUILT_PRODUCTS_DIR; };
		FB8C63922A1604810038044E /* CryptoCurrMVVMTests.swift */ = {isa = PBXFileReference; lastKnownFileType = sourcecode.swift; path = CryptoCurrMVVMTests.swift; sourceTree = "<group>"; };
		FB8C63982A1604810038044E /* CryptoCurrMVVMUITests.xctest */ = {isa = PBXFileReference; explicitFileType = wrapper.cfbundle; includeInIndex = 0; path = CryptoCurrMVVMUITests.xctest; sourceTree = BUILT_PRODUCTS_DIR; };
		FB8C639C2A1604810038044E /* CryptoCurrMVVMUITests.swift */ = {isa = PBXFileReference; lastKnownFileType = sourcecode.swift; path = CryptoCurrMVVMUITests.swift; sourceTree = "<group>"; };
		FB8C639E2A1604810038044E /* CryptoCurrMVVMUITestsLaunchTests.swift */ = {isa = PBXFileReference; lastKnownFileType = sourcecode.swift; path = CryptoCurrMVVMUITestsLaunchTests.swift; sourceTree = "<group>"; };
		FB8C63AB2A1604CB0038044E /* Crypto-Model.swift */ = {isa = PBXFileReference; lastKnownFileType = sourcecode.swift; path = "Crypto-Model.swift"; sourceTree = "<group>"; };
		FB8C63AE2A1609990038044E /* CryptoAPI-Manager.swift */ = {isa = PBXFileReference; lastKnownFileType = sourcecode.swift; path = "CryptoAPI-Manager.swift"; sourceTree = "<group>"; };
		FB8C63B12A1676090038044E /* Content-ViewModel.swift */ = {isa = PBXFileReference; lastKnownFileType = sourcecode.swift; path = "Content-ViewModel.swift"; sourceTree = "<group>"; };
/* End PBXFileReference section */

/* Begin PBXFrameworksBuildPhase section */
		FB8C637B2A1604800038044E /* Frameworks */ = {
			isa = PBXFrameworksBuildPhase;
			buildActionMask = 2147483647;
			files = (
			);
			runOnlyForDeploymentPostprocessing = 0;
		};
		FB8C638B2A1604810038044E /* Frameworks */ = {
			isa = PBXFrameworksBuildPhase;
			buildActionMask = 2147483647;
			files = (
			);
			runOnlyForDeploymentPostprocessing = 0;
		};
		FB8C63952A1604810038044E /* Frameworks */ = {
			isa = PBXFrameworksBuildPhase;
			buildActionMask = 2147483647;
			files = (
			);
			runOnlyForDeploymentPostprocessing = 0;
		};
/* End PBXFrameworksBuildPhase section */

/* Begin PBXGroup section */
		FB8C63752A1604800038044E = {
			isa = PBXGroup;
			children = (
				FB8C63802A1604800038044E /* CryptoCurrMVVM */,
				FB8C63912A1604810038044E /* CryptoCurrMVVMTests */,
				FB8C639B2A1604810038044E /* CryptoCurrMVVMUITests */,
				FB8C637F2A1604800038044E /* Products */,
			);
			sourceTree = "<group>";
		};
		FB8C637F2A1604800038044E /* Products */ = {
			isa = PBXGroup;
			children = (
				FB8C637E2A1604800038044E /* CryptoCurrMVVM.app */,
				FB8C638E2A1604810038044E /* CryptoCurrMVVMTests.xctest */,
				FB8C63982A1604810038044E /* CryptoCurrMVVMUITests.xctest */,
			);
			name = Products;
			sourceTree = "<group>";
		};
		FB8C63802A1604800038044E /* CryptoCurrMVVM */ = {
			isa = PBXGroup;
			children = (
				FB8C63AD2A16096D0038044E /* API */,
				FB8C63812A1604800038044E /* CryptoCurrMVVMApp.swift */,
				FB8C63B02A160D7E0038044E /* ContenView */,
				FB8C63852A1604810038044E /* Assets.xcassets */,
				FB8C63872A1604810038044E /* Preview Content */,
			);
			path = CryptoCurrMVVM;
			sourceTree = "<group>";
		};
		FB8C63872A1604810038044E /* Preview Content */ = {
			isa = PBXGroup;
			children = (
				FB8C63882A1604810038044E /* Preview Assets.xcassets */,
			);
			path = "Preview Content";
			sourceTree = "<group>";
		};
		FB8C63912A1604810038044E /* CryptoCurrMVVMTests */ = {
			isa = PBXGroup;
			children = (
				FB8C63922A1604810038044E /* CryptoCurrMVVMTests.swift */,
			);
			path = CryptoCurrMVVMTests;
			sourceTree = "<group>";
		};
		FB8C639B2A1604810038044E /* CryptoCurrMVVMUITests */ = {
			isa = PBXGroup;
			children = (
				FB8C639C2A1604810038044E /* CryptoCurrMVVMUITests.swift */,
				FB8C639E2A1604810038044E /* CryptoCurrMVVMUITestsLaunchTests.swift */,
			);
			path = CryptoCurrMVVMUITests;
			sourceTree = "<group>";
		};
		FB8C63AD2A16096D0038044E /* API */ = {
			isa = PBXGroup;
			children = (
				FB8C63AB2A1604CB0038044E /* Crypto-Model.swift */,
				FB8C63AE2A1609990038044E /* CryptoAPI-Manager.swift */,
			);
			path = API;
			sourceTree = "<group>";
		};
		FB8C63B02A160D7E0038044E /* ContenView */ = {
			isa = PBXGroup;
			children = (
				FB8C63832A1604800038044E /* ContentView.swift */,
				FB8C63B12A1676090038044E /* Content-ViewModel.swift */,
			);
			path = ContenView;
			sourceTree = "<group>";
		};
/* End PBXGroup section */

/* Begin PBXNativeTarget section */
		FB8C637D2A1604800038044E /* CryptoCurrMVVM */ = {
			isa = PBXNativeTarget;
			buildConfigurationList = FB8C63A22A1604810038044E /* Build configuration list for PBXNativeTarget "CryptoCurrMVVM" */;
			buildPhases = (
				FB8C637A2A1604800038044E /* Sources */,
				FB8C637B2A1604800038044E /* Frameworks */,
				FB8C637C2A1604800038044E /* Resources */,
			);
			buildRules = (
			);
			dependencies = (
			);
			name = CryptoCurrMVVM;
			productName = CryptoCurrMVVM;
			productReference = FB8C637E2A1604800038044E /* CryptoCurrMVVM.app */;
			productType = "com.apple.product-type.application";
		};
		FB8C638D2A1604810038044E /* CryptoCurrMVVMTests */ = {
			isa = PBXNativeTarget;
			buildConfigurationList = FB8C63A52A1604810038044E /* Build configuration list for PBXNativeTarget "CryptoCurrMVVMTests" */;
			buildPhases = (
				FB8C638A2A1604810038044E /* Sources */,
				FB8C638B2A1604810038044E /* Frameworks */,
				FB8C638C2A1604810038044E /* Resources */,
			);
			buildRules = (
			);
			dependencies = (
				FB8C63902A1604810038044E /* PBXTargetDependency */,
			);
			name = CryptoCurrMVVMTests;
			productName = CryptoCurrMVVMTests;
			productReference = FB8C638E2A1604810038044E /* CryptoCurrMVVMTests.xctest */;
			productType = "com.apple.product-type.bundle.unit-test";
		};
		FB8C63972A1604810038044E /* CryptoCurrMVVMUITests */ = {
			isa = PBXNativeTarget;
			buildConfigurationList = FB8C63A82A1604810038044E /* Build configuration list for PBXNativeTarget "CryptoCurrMVVMUITests" */;
			buildPhases = (
				FB8C63942A1604810038044E /* Sources */,
				FB8C63952A1604810038044E /* Frameworks */,
				FB8C63962A1604810038044E /* Resources */,
			);
			buildRules = (
			);
			dependencies = (
				FB8C639A2A1604810038044E /* PBXTargetDependency */,
			);
			name = CryptoCurrMVVMUITests;
			productName = CryptoCurrMVVMUITests;
			productReference = FB8C63982A1604810038044E /* CryptoCurrMVVMUITests.xctest */;
			productType = "com.apple.product-type.bundle.ui-testing";
		};
/* End PBXNativeTarget section */

/* Begin PBXProject section */
		FB8C63762A1604800038044E /* Project object */ = {
			isa = PBXProject;
			attributes = {
				BuildIndependentTargetsInParallel = 1;
				LastSwiftUpdateCheck = 1400;
				LastUpgradeCheck = 1400;
				TargetAttributes = {
					FB8C637D2A1604800038044E = {
						CreatedOnToolsVersion = 14.0.1;
					};
					FB8C638D2A1604810038044E = {
						CreatedOnToolsVersion = 14.0.1;
						TestTargetID = FB8C637D2A1604800038044E;
					};
					FB8C63972A1604810038044E = {
						CreatedOnToolsVersion = 14.0.1;
						TestTargetID = FB8C637D2A1604800038044E;
					};
				};
			};
			buildConfigurationList = FB8C63792A1604800038044E /* Build configuration list for PBXProject "CryptoCurrMVVM" */;
			compatibilityVersion = "Xcode 14.0";
			developmentRegion = en;
			hasScannedForEncodings = 0;
			knownRegions = (
				en,
				Base,
			);
			mainGroup = FB8C63752A1604800038044E;
			productRefGroup = FB8C637F2A1604800038044E /* Products */;
			projectDirPath = "";
			projectRoot = "";
			targets = (
				FB8C637D2A1604800038044E /* CryptoCurrMVVM */,
				FB8C638D2A1604810038044E /* CryptoCurrMVVMTests */,
				FB8C63972A1604810038044E /* CryptoCurrMVVMUITests */,
			);
		};
/* End PBXProject section */

/* Begin PBXResourcesBuildPhase section */
		FB8C637C2A1604800038044E /* Resources */ = {
			isa = PBXResourcesBuildPhase;
			buildActionMask = 2147483647;
			files = (
				FB8C63892A1604810038044E /* Preview Assets.xcassets in Resources */,
				FB8C63862A1604810038044E /* Assets.xcassets in Resources */,
			);
			runOnlyForDeploymentPostprocessing = 0;
		};
		FB8C638C2A1604810038044E /* Resources */ = {
			isa = PBXResourcesBuildPhase;
			buildActionMask = 2147483647;
			files = (
			);
			runOnlyForDeploymentPostprocessing = 0;
		};
		FB8C63962A1604810038044E /* Resources */ = {
			isa = PBXResourcesBuildPhase;
			buildActionMask = 2147483647;
			files = (
			);
			runOnlyForDeploymentPostprocessing = 0;
		};
/* End PBXResourcesBuildPhase section */

/* Begin PBXSourcesBuildPhase section */
		FB8C637A2A1604800038044E /* Sources */ = {
			isa = PBXSourcesBuildPhase;
			buildActionMask = 2147483647;
			files = (
				FB8C63AC2A1604CB0038044E /* Crypto-Model.swift in Sources */,
				FB8C63AF2A1609990038044E /* CryptoAPI-Manager.swift in Sources */,
				FB8C63842A1604800038044E /* ContentView.swift in Sources */,
				FB8C63B22A1676090038044E /* Content-ViewModel.swift in Sources */,
				FB8C63822A1604800038044E /* CryptoCurrMVVMApp.swift in Sources */,
			);
			runOnlyForDeploymentPostprocessing = 0;
		};
		FB8C638A2A1604810038044E /* Sources */ = {
			isa = PBXSourcesBuildPhase;
			buildActionMask = 2147483647;
			files = (
				FB8C63932A1604810038044E /* CryptoCurrMVVMTests.swift in Sources */,
			);
			runOnlyForDeploymentPostprocessing = 0;
		};
		FB8C63942A1604810038044E /* Sources */ = {
			isa = PBXSourcesBuildPhase;
			buildActionMask = 2147483647;
			files = (
				FB8C639D2A1604810038044E /* CryptoCurrMVVMUITests.swift in Sources */,
				FB8C639F2A1604810038044E /* CryptoCurrMVVMUITestsLaunchTests.swift in Sources */,
			);
			runOnlyForDeploymentPostprocessing = 0;
		};
/* End PBXSourcesBuildPhase section */

/* Begin PBXTargetDependency section */
		FB8C63902A1604810038044E /* PBXTargetDependency */ = {
			isa = PBXTargetDependency;
			target = FB8C637D2A1604800038044E /* CryptoCurrMVVM */;
			targetProxy = FB8C638F2A1604810038044E /* PBXContainerItemProxy */;
		};
		FB8C639A2A1604810038044E /* PBXTargetDependency */ = {
			isa = PBXTargetDependency;
			target = FB8C637D2A1604800038044E /* CryptoCurrMVVM */;
			targetProxy = FB8C63992A1604810038044E /* PBXContainerItemProxy */;
		};
/* End PBXTargetDependency section */

/* Begin XCBuildConfiguration section */
		FB8C63A02A1604810038044E /* Debug */ = {
			isa = XCBuildConfiguration;
			buildSettings = {
				ALWAYS_SEARCH_USER_PATHS = NO;
				CLANG_ANALYZER_NONNULL = YES;
				CLANG_ANALYZER_NUMBER_OBJECT_CONVERSION = YES_AGGRESSIVE;
				CLANG_CXX_LANGUAGE_STANDARD = "gnu++20";
				CLANG_ENABLE_MODULES = YES;
				CLANG_ENABLE_OBJC_ARC = YES;
				CLANG_ENABLE_OBJC_WEAK = YES;
				CLANG_WARN_BLOCK_CAPTURE_AUTORELEASING = YES;
				CLANG_WARN_BOOL_CONVERSION = YES;
				CLANG_WARN_COMMA = YES;
				CLANG_WARN_CONSTANT_CONVERSION = YES;
				CLANG_WARN_DEPRECATED_OBJC_IMPLEMENTATIONS = YES;
				CLANG_WARN_DIRECT_OBJC_ISA_USAGE = YES_ERROR;
				CLANG_WARN_DOCUMENTATION_COMMENTS = YES;
				CLANG_WARN_EMPTY_BODY = YES;
				CLANG_WARN_ENUM_CONVERSION = YES;
				CLANG_WARN_INFINITE_RECURSION = YES;
				CLANG_WARN_INT_CONVERSION = YES;
				CLANG_WARN_NON_LITERAL_NULL_CONVERSION = YES;
				CLANG_WARN_OBJC_IMPLICIT_RETAIN_SELF = YES;
				CLANG_WARN_OBJC_LITERAL_CONVERSION = YES;
				CLANG_WARN_OBJC_ROOT_CLASS = YES_ERROR;
				CLANG_WARN_QUOTED_INCLUDE_IN_FRAMEWORK_HEADER = YES;
				CLANG_WARN_RANGE_LOOP_ANALYSIS = YES;
				CLANG_WARN_STRICT_PROTOTYPES = YES;
				CLANG_WARN_SUSPICIOUS_MOVE = YES;
				CLANG_WARN_UNGUARDED_AVAILABILITY = YES_AGGRESSIVE;
				CLANG_WARN_UNREACHABLE_CODE = YES;
				CLANG_WARN__DUPLICATE_METHOD_MATCH = YES;
				COPY_PHASE_STRIP = NO;
				DEBUG_INFORMATION_FORMAT = dwarf;
				ENABLE_STRICT_OBJC_MSGSEND = YES;
				ENABLE_TESTABILITY = YES;
				GCC_C_LANGUAGE_STANDARD = gnu11;
				GCC_DYNAMIC_NO_PIC = NO;
				GCC_NO_COMMON_BLOCKS = YES;
				GCC_OPTIMIZATION_LEVEL = 0;
				GCC_PREPROCESSOR_DEFINITIONS = (
					"DEBUG=1",
					"$(inherited)",
				);
				GCC_WARN_64_TO_32_BIT_CONVERSION = YES;
				GCC_WARN_ABOUT_RETURN_TYPE = YES_ERROR;
				GCC_WARN_UNDECLARED_SELECTOR = YES;
				GCC_WARN_UNINITIALIZED_AUTOS = YES_AGGRESSIVE;
				GCC_WARN_UNUSED_FUNCTION = YES;
				GCC_WARN_UNUSED_VARIABLE = YES;
				IPHONEOS_DEPLOYMENT_TARGET = 16.0;
				MTL_ENABLE_DEBUG_INFO = INCLUDE_SOURCE;
				MTL_FAST_MATH = YES;
				ONLY_ACTIVE_ARCH = YES;
				SDKROOT = iphoneos;
				SWIFT_ACTIVE_COMPILATION_CONDITIONS = DEBUG;
				SWIFT_OPTIMIZATION_LEVEL = "-Onone";
			};
			name = Debug;
		};
		FB8C63A12A1604810038044E /* Release */ = {
			isa = XCBuildConfiguration;
			buildSettings = {
				ALWAYS_SEARCH_USER_PATHS = NO;
				CLANG_ANALYZER_NONNULL = YES;
				CLANG_ANALYZER_NUMBER_OBJECT_CONVERSION = YES_AGGRESSIVE;
				CLANG_CXX_LANGUAGE_STANDARD = "gnu++20";
				CLANG_ENABLE_MODULES = YES;
				CLANG_ENABLE_OBJC_ARC = YES;
				CLANG_ENABLE_OBJC_WEAK = YES;
				CLANG_WARN_BLOCK_CAPTURE_AUTORELEASING = YES;
				CLANG_WARN_BOOL_CONVERSION = YES;
				CLANG_WARN_COMMA = YES;
				CLANG_WARN_CONSTANT_CONVERSION = YES;
				CLANG_WARN_DEPRECATED_OBJC_IMPLEMENTATIONS = YES;
				CLANG_WARN_DIRECT_OBJC_ISA_USAGE = YES_ERROR;
				CLANG_WARN_DOCUMENTATION_COMMENTS = YES;
				CLANG_WARN_EMPTY_BODY = YES;
				CLANG_WARN_ENUM_CONVERSION = YES;
				CLANG_WARN_INFINITE_RECURSION = YES;
				CLANG_WARN_INT_CONVERSION = YES;
				CLANG_WARN_NON_LITERAL_NULL_CONVERSION = YES;
				CLANG_WARN_OBJC_IMPLICIT_RETAIN_SELF = YES;
				CLANG_WARN_OBJC_LITERAL_CONVERSION = YES;
				CLANG_WARN_OBJC_ROOT_CLASS = YES_ERROR;
				CLANG_WARN_QUOTED_INCLUDE_IN_FRAMEWORK_HEADER = YES;
				CLANG_WARN_RANGE_LOOP_ANALYSIS = YES;
				CLANG_WARN_STRICT_PROTOTYPES = YES;
				CLANG_WARN_SUSPICIOUS_MOVE = YES;
				CLANG_WARN_UNGUARDED_AVAILABILITY = YES_AGGRESSIVE;
				CLANG_WARN_UNREACHABLE_CODE = YES;
				CLANG_WARN__DUPLICATE_METHOD_MATCH = YES;
				COPY_PHASE_STRIP = NO;
				DEBUG_INFORMATION_FORMAT = "dwarf-with-dsym";
				ENABLE_NS_ASSERTIONS = NO;
				ENABLE_STRICT_OBJC_MSGSEND = YES;
				GCC_C_LANGUAGE_STANDARD = gnu11;
				GCC_NO_COMMON_BLOCKS = YES;
				GCC_WARN_64_TO_32_BIT_CONVERSION = YES;
				GCC_WARN_ABOUT_RETURN_TYPE = YES_ERROR;
				GCC_WARN_UNDECLARED_SELECTOR = YES;
				GCC_WARN_UNINITIALIZED_AUTOS = YES_AGGRESSIVE;
				GCC_WARN_UNUSED_FUNCTION = YES;
				GCC_WARN_UNUSED_VARIABLE = YES;
				IPHONEOS_DEPLOYMENT_TARGET = 16.0;
				MTL_ENABLE_DEBUG_INFO = NO;
				MTL_FAST_MATH = YES;
				SDKROOT = iphoneos;
				SWIFT_COMPILATION_MODE = wholemodule;
				SWIFT_OPTIMIZATION_LEVEL = "-O";
				VALIDATE_PRODUCT = YES;
			};
			name = Release;
		};
		FB8C63A32A1604810038044E /* Debug */ = {
			isa = XCBuildConfiguration;
			buildSettings = {
				ASSETCATALOG_COMPILER_APPICON_NAME = AppIcon;
				ASSETCATALOG_COMPILER_GLOBAL_ACCENT_COLOR_NAME = AccentColor;
				CODE_SIGN_STYLE = Automatic;
				CURRENT_PROJECT_VERSION = 1;
				DEVELOPMENT_ASSET_PATHS = "\"CryptoCurrMVVM/Preview Content\"";
				DEVELOPMENT_TEAM = BUD8UWC648;
				ENABLE_PREVIEWS = YES;
				GENERATE_INFOPLIST_FILE = YES;
				INFOPLIST_KEY_UIApplicationSceneManifest_Generation = YES;
				INFOPLIST_KEY_UIApplicationSupportsIndirectInputEvents = YES;
				INFOPLIST_KEY_UILaunchScreen_Generation = YES;
				INFOPLIST_KEY_UISupportedInterfaceOrientations_iPad = "UIInterfaceOrientationPortrait UIInterfaceOrientationPortraitUpsideDown UIInterfaceOrientationLandscapeLeft UIInterfaceOrientationLandscapeRight";
				INFOPLIST_KEY_UISupportedInterfaceOrientations_iPhone = "UIInterfaceOrientationPortrait UIInterfaceOrientationLandscapeLeft UIInterfaceOrientationLandscapeRight";
				LD_RUNPATH_SEARCH_PATHS = (
					"$(inherited)",
					"@executable_path/Frameworks",
				);
				MARKETING_VERSION = 1.0;
				PRODUCT_BUNDLE_IDENTIFIER = gzz.CryptoCurrMVVM;
				PRODUCT_NAME = "$(TARGET_NAME)";
				SWIFT_EMIT_LOC_STRINGS = YES;
				SWIFT_VERSION = 5.0;
				TARGETED_DEVICE_FAMILY = "1,2";
			};
			name = Debug;
		};
		FB8C63A42A1604810038044E /* Release */ = {
			isa = XCBuildConfiguration;
			buildSettings = {
				ASSETCATALOG_COMPILER_APPICON_NAME = AppIcon;
				ASSETCATALOG_COMPILER_GLOBAL_ACCENT_COLOR_NAME = AccentColor;
				CODE_SIGN_STYLE = Automatic;
				CURRENT_PROJECT_VERSION = 1;
				DEVELOPMENT_ASSET_PATHS = "\"CryptoCurrMVVM/Preview Content\"";
				DEVELOPMENT_TEAM = BUD8UWC648;
				ENABLE_PREVIEWS = YES;
				GENERATE_INFOPLIST_FILE = YES;
				INFOPLIST_KEY_UIApplicationSceneManifest_Generation = YES;
				INFOPLIST_KEY_UIApplicationSupportsIndirectInputEvents = YES;
				INFOPLIST_KEY_UILaunchScreen_Generation = YES;
				INFOPLIST_KEY_UISupportedInterfaceOrientations_iPad = "UIInterfaceOrientationPortrait UIInterfaceOrientationPortraitUpsideDown UIInterfaceOrientationLandscapeLeft UIInterfaceOrientationLandscapeRight";
				INFOPLIST_KEY_UISupportedInterfaceOrientations_iPhone = "UIInterfaceOrientationPortrait UIInterfaceOrientationLandscapeLeft UIInterfaceOrientationLandscapeRight";
				LD_RUNPATH_SEARCH_PATHS = (
					"$(inherited)",
					"@executable_path/Frameworks",
				);
				MARKETING_VERSION = 1.0;
				PRODUCT_BUNDLE_IDENTIFIER = gzz.CryptoCurrMVVM;
				PRODUCT_NAME = "$(TARGET_NAME)";
				SWIFT_EMIT_LOC_STRINGS = YES;
				SWIFT_VERSION = 5.0;
				TARGETED_DEVICE_FAMILY = "1,2";
			};
			name = Release;
		};
		FB8C63A62A1604810038044E /* Debug */ = {
			isa = XCBuildConfiguration;
			buildSettings = {
				ALWAYS_EMBED_SWIFT_STANDARD_LIBRARIES = YES;
				BUNDLE_LOADER = "$(TEST_HOST)";
				CODE_SIGN_STYLE = Automatic;
				CURRENT_PROJECT_VERSION = 1;
				DEVELOPMENT_TEAM = BUD8UWC648;
				GENERATE_INFOPLIST_FILE = YES;
				IPHONEOS_DEPLOYMENT_TARGET = 16.0;
				MARKETING_VERSION = 1.0;
				PRODUCT_BUNDLE_IDENTIFIER = gzz.CryptoCurrMVVMTests;
				PRODUCT_NAME = "$(TARGET_NAME)";
				SWIFT_EMIT_LOC_STRINGS = NO;
				SWIFT_VERSION = 5.0;
				TARGETED_DEVICE_FAMILY = "1,2";
				TEST_HOST = "$(BUILT_PRODUCTS_DIR)/CryptoCurrMVVM.app/$(BUNDLE_EXECUTABLE_FOLDER_PATH)/CryptoCurrMVVM";
			};
			name = Debug;
		};
		FB8C63A72A1604810038044E /* Release */ = {
			isa = XCBuildConfiguration;
			buildSettings = {
				ALWAYS_EMBED_SWIFT_STANDARD_LIBRARIES = YES;
				BUNDLE_LOADER = "$(TEST_HOST)";
				CODE_SIGN_STYLE = Automatic;
				CURRENT_PROJECT_VERSION = 1;
				DEVELOPMENT_TEAM = BUD8UWC648;
				GENERATE_INFOPLIST_FILE = YES;
				IPHONEOS_DEPLOYMENT_TARGET = 16.0;
				MARKETING_VERSION = 1.0;
				PRODUCT_BUNDLE_IDENTIFIER = gzz.CryptoCurrMVVMTests;
				PRODUCT_NAME = "$(TARGET_NAME)";
				SWIFT_EMIT_LOC_STRINGS = NO;
				SWIFT_VERSION = 5.0;
				TARGETED_DEVICE_FAMILY = "1,2";
				TEST_HOST = "$(BUILT_PRODUCTS_DIR)/CryptoCurrMVVM.app/$(BUNDLE_EXECUTABLE_FOLDER_PATH)/CryptoCurrMVVM";
			};
			name = Release;
		};
		FB8C63A92A1604810038044E /* Debug */ = {
			isa = XCBuildConfiguration;
			buildSettings = {
				ALWAYS_EMBED_SWIFT_STANDARD_LIBRARIES = YES;
				CODE_SIGN_STYLE = Automatic;
				CURRENT_PROJECT_VERSION = 1;
				DEVELOPMENT_TEAM = BUD8UWC648;
				GENERATE_INFOPLIST_FILE = YES;
				MARKETING_VERSION = 1.0;
				PRODUCT_BUNDLE_IDENTIFIER = gzz.CryptoCurrMVVMUITests;
				PRODUCT_NAME = "$(TARGET_NAME)";
				SWIFT_EMIT_LOC_STRINGS = NO;
				SWIFT_VERSION = 5.0;
				TARGETED_DEVICE_FAMILY = "1,2";
				TEST_TARGET_NAME = CryptoCurrMVVM;
			};
			name = Debug;
		};
		FB8C63AA2A1604810038044E /* Release */ = {
			isa = XCBuildConfiguration;
			buildSettings = {
				ALWAYS_EMBED_SWIFT_STANDARD_LIBRARIES = YES;
				CODE_SIGN_STYLE = Automatic;
				CURRENT_PROJECT_VERSION = 1;
				DEVELOPMENT_TEAM = BUD8UWC648;
				GENERATE_INFOPLIST_FILE = YES;
				MARKETING_VERSION = 1.0;
				PRODUCT_BUNDLE_IDENTIFIER = gzz.CryptoCurrMVVMUITests;
				PRODUCT_NAME = "$(TARGET_NAME)";
				SWIFT_EMIT_LOC_STRINGS = NO;
				SWIFT_VERSION = 5.0;
				TARGETED_DEVICE_FAMILY = "1,2";
				TEST_TARGET_NAME = CryptoCurrMVVM;
			};
			name = Release;
		};
/* End XCBuildConfiguration section */

/* Begin XCConfigurationList section */
		FB8C63792A1604800038044E /* Build configuration list for PBXProject "CryptoCurrMVVM" */ = {
			isa = XCConfigurationList;
			buildConfigurations = (
				FB8C63A02A1604810038044E /* Debug */,
				FB8C63A12A1604810038044E /* Release */,
			);
			defaultConfigurationIsVisible = 0;
			defaultConfigurationName = Release;
		};
		FB8C63A22A1604810038044E /* Build configuration list for PBXNativeTarget "CryptoCurrMVVM" */ = {
			isa = XCConfigurationList;
			buildConfigurations = (
				FB8C63A32A1604810038044E /* Debug */,
				FB8C63A42A1604810038044E /* Release */,
			);
			defaultConfigurationIsVisible = 0;
			defaultConfigurationName = Release;
		};
		FB8C63A52A1604810038044E /* Build configuration list for PBXNativeTarget "CryptoCurrMVVMTests" */ = {
			isa = XCConfigurationList;
			buildConfigurations = (
				FB8C63A62A1604810038044E /* Debug */,
				FB8C63A72A1604810038044E /* Release */,
			);
			defaultConfigurationIsVisible = 0;
			defaultConfigurationName = Release;
		};
		FB8C63A82A1604810038044E /* Build configuration list for PBXNativeTarget "CryptoCurrMVVMUITests" */ = {
			isa = XCConfigurationList;
			buildConfigurations = (
				FB8C63A92A1604810038044E /* Debug */,
				FB8C63AA2A1604810038044E /* Release */,
			);
			defaultConfigurationIsVisible = 0;
			defaultConfigurationName = Release;
		};
/* End XCConfigurationList section */
	};
	rootObject = FB8C63762A1604800038044E /* Project object */;
}
